// !$*UTF8*$!
{
	archiveVersion = 1;
	classes = {
	};
	objectVersion = 47;
	objects = {

/* Begin PBXBuildFile section */
		03148F3B1C47348400BAFED3 /* libz.tbd in Frameworks */ = {isa = PBXBuildFile; fileRef = 03148F3A1C47348400BAFED3 /* libz.tbd */; };
		03ECA37D206081C600A44D65 /* LaunchScreen.storyboard in Resources */ = {isa = PBXBuildFile; fileRef = 03ECA37C206081C600A44D65 /* LaunchScreen.storyboard */; };
		6302EF0E178D8E7800BBC68E /* ExtendedLayoutManager.m in Sources */ = {isa = PBXBuildFile; fileRef = 6302EF0D178D8E7800BBC68E /* ExtendedLayoutManager.m */; };
		631CBA6A1893CB2400B9421A /* ArticleRange.m in Sources */ = {isa = PBXBuildFile; fileRef = 631CBA691893CB2400B9421A /* ArticleRange.m */; };
		63271077183F20E200CD249E /* NNNewsrc.m in Sources */ = {isa = PBXBuildFile; fileRef = 63271076183F20E200CD249E /* NNNewsrc.m */; };
		633D9C3E16E1A489008DD64F /* NewsAccount.m in Sources */ = {isa = PBXBuildFile; fileRef = 633D9C3D16E1A489008DD64F /* NewsAccount.m */; };
		634191B516D0D6590069B528 /* UIKit.framework in Frameworks */ = {isa = PBXBuildFile; fileRef = 634191B416D0D6590069B528 /* UIKit.framework */; };
		634191B716D0D6590069B528 /* Foundation.framework in Frameworks */ = {isa = PBXBuildFile; fileRef = 634191B616D0D6590069B528 /* Foundation.framework */; };
		634191B916D0D6590069B528 /* CoreGraphics.framework in Frameworks */ = {isa = PBXBuildFile; fileRef = 634191B816D0D6590069B528 /* CoreGraphics.framework */; };
		634191BF16D0D6590069B528 /* InfoPlist.strings in Resources */ = {isa = PBXBuildFile; fileRef = 634191BD16D0D6590069B528 /* InfoPlist.strings */; };
		634191C116D0D6590069B528 /* main.m in Sources */ = {isa = PBXBuildFile; fileRef = 634191C016D0D6590069B528 /* main.m */; };
		634191C516D0D6590069B528 /* AppDelegate.m in Sources */ = {isa = PBXBuildFile; fileRef = 634191C416D0D6590069B528 /* AppDelegate.m */; };
		634191DA16D0D6590069B528 /* UIKit.framework in Frameworks */ = {isa = PBXBuildFile; fileRef = 634191B416D0D6590069B528 /* UIKit.framework */; };
		634191DB16D0D6590069B528 /* Foundation.framework in Frameworks */ = {isa = PBXBuildFile; fileRef = 634191B616D0D6590069B528 /* Foundation.framework */; };
		634191E316D0D6590069B528 /* InfoPlist.strings in Resources */ = {isa = PBXBuildFile; fileRef = 634191E116D0D6590069B528 /* InfoPlist.strings */; };
		634191E616D0D6590069B528 /* NetworkNewsTests.m in Sources */ = {isa = PBXBuildFile; fileRef = 634191E516D0D6590069B528 /* NetworkNewsTests.m */; };
		6341926016D0D8800069B528 /* ArticleViewController.m in Sources */ = {isa = PBXBuildFile; fileRef = 634191F416D0D87F0069B528 /* ArticleViewController.m */; };
		6341926516D0D8800069B528 /* changes.txt in Resources */ = {isa = PBXBuildFile; fileRef = 634191F916D0D87F0069B528 /* changes.txt */; };
		6341926616D0D8800069B528 /* EditableTableViewCell.m in Sources */ = {isa = PBXBuildFile; fileRef = 634191FB16D0D87F0069B528 /* EditableTableViewCell.m */; };
		6341926B16D0D8800069B528 /* EditableTextTableViewCell.xib in Resources */ = {isa = PBXBuildFile; fileRef = 6341920416D0D8800069B528 /* EditableTextTableViewCell.xib */; };
		6341926D16D0D8800069B528 /* GroupInfoView.xib in Resources */ = {isa = PBXBuildFile; fileRef = 6341920816D0D8800069B528 /* GroupInfoView.xib */; };
		6341926F16D0D8800069B528 /* AccountSettingsView.xib in Resources */ = {isa = PBXBuildFile; fileRef = 6341920C16D0D8800069B528 /* AccountSettingsView.xib */; };
		6341927016D0D8800069B528 /* NewArticleView.xib in Resources */ = {isa = PBXBuildFile; fileRef = 6341920E16D0D8800069B528 /* NewArticleView.xib */; };
		6341927616D0D8800069B528 /* ExtendedDateFormatter.m in Sources */ = {isa = PBXBuildFile; fileRef = 6341921B16D0D8800069B528 /* ExtendedDateFormatter.m */; };
		6341927816D0D8800069B528 /* FavouriteGroupsViewController.m in Sources */ = {isa = PBXBuildFile; fileRef = 6341921F16D0D8800069B528 /* FavouriteGroupsViewController.m */; };
		6341927916D0D8800069B528 /* FieldView.m in Sources */ = {isa = PBXBuildFile; fileRef = 6341922116D0D8800069B528 /* FieldView.m */; };
		6341928016D0D8800069B528 /* GroupInfoViewController.m in Sources */ = {isa = PBXBuildFile; fileRef = 6341922916D0D8800069B528 /* GroupInfoViewController.m */; };
		6341928D16D0D8800069B528 /* AccountSettingsViewController.m in Sources */ = {isa = PBXBuildFile; fileRef = 6341923A16D0D8800069B528 /* AccountSettingsViewController.m */; };
		6341928E16D0D8800069B528 /* NewArticleViewController.m in Sources */ = {isa = PBXBuildFile; fileRef = 6341923C16D0D8800069B528 /* NewArticleViewController.m */; };
		6341929516D0D8800069B528 /* SearchGroupsViewController.m in Sources */ = {isa = PBXBuildFile; fileRef = 6341924516D0D8800069B528 /* SearchGroupsViewController.m */; };
		6341929616D0D8800069B528 /* AccountsViewController.m in Sources */ = {isa = PBXBuildFile; fileRef = 6341924716D0D8800069B528 /* AccountsViewController.m */; };
		6341929A16D0D8800069B528 /* ThreadIterator.m in Sources */ = {isa = PBXBuildFile; fileRef = 6341924C16D0D8800069B528 /* ThreadIterator.m */; };
		6341929B16D0D8800069B528 /* ThreadListTableViewCell.m in Sources */ = {isa = PBXBuildFile; fileRef = 6341924E16D0D8800069B528 /* ThreadListTableViewCell.m */; };
		6341929C16D0D8800069B528 /* ThreadListViewController.m in Sources */ = {isa = PBXBuildFile; fileRef = 6341925016D0D8800069B528 /* ThreadListViewController.m */; };
		6341929D16D0D8800069B528 /* ThreadSectionHeaderView.m in Sources */ = {isa = PBXBuildFile; fileRef = 6341925216D0D8800069B528 /* ThreadSectionHeaderView.m */; };
		6341929E16D0D8800069B528 /* ThreadTableViewCell.m in Sources */ = {isa = PBXBuildFile; fileRef = 6341925416D0D8800069B528 /* ThreadTableViewCell.m */; };
		6341929F16D0D8800069B528 /* ThreadViewController.m in Sources */ = {isa = PBXBuildFile; fileRef = 6341925616D0D8800069B528 /* ThreadViewController.m */; };
		634192A016D0D8800069B528 /* todo.txt in Resources */ = {isa = PBXBuildFile; fileRef = 6341925716D0D8800069B528 /* todo.txt */; };
		634192A316D0D8800069B528 /* WelcomeViewController.m in Sources */ = {isa = PBXBuildFile; fileRef = 6341925B16D0D8800069B528 /* WelcomeViewController.m */; };
		634192F116D0DAEE0069B528 /* Article.m in Sources */ = {isa = PBXBuildFile; fileRef = 634192A816D0DAEC0069B528 /* Article.m */; };
		634192F416D0DAEE0069B528 /* ArticlePart.m in Sources */ = {isa = PBXBuildFile; fileRef = 634192AD16D0DAEC0069B528 /* ArticlePart.m */; };
		634192F516D0DAEE0069B528 /* ArticlePartContent.m in Sources */ = {isa = PBXBuildFile; fileRef = 634192AF16D0DAEC0069B528 /* ArticlePartContent.m */; };
		634192F716D0DAEE0069B528 /* Attachment.m in Sources */ = {isa = PBXBuildFile; fileRef = 634192B316D0DAEC0069B528 /* Attachment.m */; };
		634192F816D0DAEE0069B528 /* ConnectionVerifier.m in Sources */ = {isa = PBXBuildFile; fileRef = 634192B516D0DAEC0069B528 /* ConnectionVerifier.m */; };
		634192F916D0DAEE0069B528 /* ContentType.m in Sources */ = {isa = PBXBuildFile; fileRef = 634192B716D0DAEC0069B528 /* ContentType.m */; };
		634192FA16D0DAEE0069B528 /* CoreDataStore.m in Sources */ = {isa = PBXBuildFile; fileRef = 634192B916D0DAED0069B528 /* CoreDataStore.m */; };
		634192FD16D0DAEE0069B528 /* EncodedWordDecoder.m in Sources */ = {isa = PBXBuildFile; fileRef = 634192BF16D0DAED0069B528 /* EncodedWordDecoder.m */; };
		634192FE16D0DAEE0069B528 /* GroupListing.m in Sources */ = {isa = PBXBuildFile; fileRef = 634192C116D0DAED0069B528 /* GroupListing.m */; };
		634192FF16D0DAEE0069B528 /* GroupStore.m in Sources */ = {isa = PBXBuildFile; fileRef = 634192C316D0DAED0069B528 /* GroupStore.m */; };
		6341930416D0DAEE0069B528 /* NNArticleFormatter.m in Sources */ = {isa = PBXBuildFile; fileRef = 634192CD16D0DAED0069B528 /* NNArticleFormatter.m */; };
		6341930516D0DAEE0069B528 /* NNBase64Decoder.m in Sources */ = {isa = PBXBuildFile; fileRef = 634192CF16D0DAED0069B528 /* NNBase64Decoder.m */; };
		6341930716D0DAEE0069B528 /* NNHeaderEntry.m in Sources */ = {isa = PBXBuildFile; fileRef = 634192D316D0DAED0069B528 /* NNHeaderEntry.m */; };
		6341930816D0DAEE0069B528 /* NNHeaderParser.m in Sources */ = {isa = PBXBuildFile; fileRef = 634192D516D0DAED0069B528 /* NNHeaderParser.m */; };
		6341930916D0DAEE0069B528 /* NNQuoteLevel.m in Sources */ = {isa = PBXBuildFile; fileRef = 634192D716D0DAED0069B528 /* NNQuoteLevel.m */; };
		6341930A16D0DAEE0069B528 /* NNQuoteLevelParser.m in Sources */ = {isa = PBXBuildFile; fileRef = 634192D916D0DAED0069B528 /* NNQuoteLevelParser.m */; };
		6341930C16D0DAEE0069B528 /* NSArray+NewsAdditions.m in Sources */ = {isa = PBXBuildFile; fileRef = 634192DE16D0DAEE0069B528 /* NSArray+NewsAdditions.m */; };
		6341930D16D0DAEE0069B528 /* NSData+NewsAdditions.m in Sources */ = {isa = PBXBuildFile; fileRef = 634192E016D0DAEE0069B528 /* NSData+NewsAdditions.m */; };
		6341930F16D0DAEE0069B528 /* NSString+NewsAdditions.m in Sources */ = {isa = PBXBuildFile; fileRef = 634192E416D0DAEE0069B528 /* NSString+NewsAdditions.m */; };
		6341931116D0DAEE0069B528 /* QuotedPrintableDecoder.m in Sources */ = {isa = PBXBuildFile; fileRef = 634192E816D0DAEE0069B528 /* QuotedPrintableDecoder.m */; };
		6341931316D0DAEE0069B528 /* Thread.m in Sources */ = {isa = PBXBuildFile; fileRef = 634192EC16D0DAEE0069B528 /* Thread.m */; };
		6341931416D0DAEE0069B528 /* UUDecoder.m in Sources */ = {isa = PBXBuildFile; fileRef = 634192EE16D0DAEE0069B528 /* UUDecoder.m */; };
		6341931516D0DAEE0069B528 /* YEncDecoder.m in Sources */ = {isa = PBXBuildFile; fileRef = 634192F016D0DAEE0069B528 /* YEncDecoder.m */; };
		6341931B16D0DC0B0069B528 /* EmailAddressFormatter.m in Sources */ = {isa = PBXBuildFile; fileRef = 6341931A16D0DC0B0069B528 /* EmailAddressFormatter.m */; };
		6341931E16D0DDE30069B528 /* SizeFormatter.m in Sources */ = {isa = PBXBuildFile; fileRef = 6341931D16D0DDE30069B528 /* SizeFormatter.m */; };
		63442698170E59E800483FC4 /* UIColor+NewsAdditions.m in Sources */ = {isa = PBXBuildFile; fileRef = 63442697170E59E800483FC4 /* UIColor+NewsAdditions.m */; };
		6344269A170E72D900483FC4 /* ThreadListView_iPad.xib in Resources */ = {isa = PBXBuildFile; fileRef = 63442699170E72D900483FC4 /* ThreadListView_iPad.xib */; };
		63529AA416FDB31C0089E65E /* AssemblePartsOperation.m in Sources */ = {isa = PBXBuildFile; fileRef = 63529AA316FDB31C0089E65E /* AssemblePartsOperation.m */; };
		63529AA716FEB5320089E65E /* PostArticleOperation.m in Sources */ = {isa = PBXBuildFile; fileRef = 63529AA616FEB5320089E65E /* PostArticleOperation.m */; };
		63529AAA16FEC7A60089E65E /* UIApplication+NewsAdditions.m in Sources */ = {isa = PBXBuildFile; fileRef = 63529AA916FEC7A60089E65E /* UIApplication+NewsAdditions.m */; };
		6398525816D0FBEA009303E2 /* LineIterator.m in Sources */ = {isa = PBXBuildFile; fileRef = 6398525716D0FBEA009303E2 /* LineIterator.m */; };
		639F5EC617039A1B004BA972 /* ArticleView_iPad.xib in Resources */ = {isa = PBXBuildFile; fileRef = 639F5EC517039A1B004BA972 /* ArticleView_iPad.xib */; };
		63A7205216F32B6B000AC69C /* FetchArticleOperation.m in Sources */ = {isa = PBXBuildFile; fileRef = 63A7205116F32B6B000AC69C /* FetchArticleOperation.m */; };
		63C3011C1769707A00F8B6FE /* Images.xcassets in Resources */ = {isa = PBXBuildFile; fileRef = 63C3011B1769707A00F8B6FE /* Images.xcassets */; };
		63C3011E176972B300F8B6FE /* Main.storyboard in Resources */ = {isa = PBXBuildFile; fileRef = 63C3011D176972B300F8B6FE /* Main.storyboard */; };
		63C69193178D6FDB0016776B /* NSMutableAttributedString+NewsAdditions.m in Sources */ = {isa = PBXBuildFile; fileRef = 63C69192178D65450016776B /* NSMutableAttributedString+NewsAdditions.m */; };
		63C69196178D70EB0016776B /* Preferences.m in Sources */ = {isa = PBXBuildFile; fileRef = 63C69195178D70EB0016776B /* Preferences.m */; };
		63E3A76C16E99BD300BD3D13 /* NewsConnection.m in Sources */ = {isa = PBXBuildFile; fileRef = 63E3A76B16E99BD300BD3D13 /* NewsConnection.m */; };
		63E3A76F16EA10C200BD3D13 /* NewsResponse.m in Sources */ = {isa = PBXBuildFile; fileRef = 63E3A76E16EA10C200BD3D13 /* NewsResponse.m */; };
		63E3A77316EAD01500BD3D13 /* GroupListSearchOperation.m in Sources */ = {isa = PBXBuildFile; fileRef = 63E3A77216EAD01500BD3D13 /* GroupListSearchOperation.m */; };
		63E3A77616EB6FF900BD3D13 /* NewsConnectionPool.m in Sources */ = {isa = PBXBuildFile; fileRef = 63E3A77516EB6FF800BD3D13 /* NewsConnectionPool.m */; };
		63E3A77916ECAFF900BD3D13 /* ArticleOverviewsOperation.m in Sources */ = {isa = PBXBuildFile; fileRef = 63E3A77816ECAFF900BD3D13 /* ArticleOverviewsOperation.m */; };
		63E3A77C16EE89C400BD3D13 /* News.xcdatamodeld in Sources */ = {isa = PBXBuildFile; fileRef = 63E3A77A16EE89C300BD3D13 /* News.xcdatamodeld */; };
		63FF913416D1087D0068ADFB /* CFNetwork.framework in Frameworks */ = {isa = PBXBuildFile; fileRef = 63FF913316D1087C0068ADFB /* CFNetwork.framework */; };
		63FF913616D108880068ADFB /* Security.framework in Frameworks */ = {isa = PBXBuildFile; fileRef = 63FF913516D108870068ADFB /* Security.framework */; };
		63FF913816D108920068ADFB /* QuartzCore.framework in Frameworks */ = {isa = PBXBuildFile; fileRef = 63FF913716D108920068ADFB /* QuartzCore.framework */; };
		63FF913A16D108A00068ADFB /* CoreData.framework in Frameworks */ = {isa = PBXBuildFile; fileRef = 63FF913916D1089F0068ADFB /* CoreData.framework */; };
		63FF913C16D108A90068ADFB /* MessageUI.framework in Frameworks */ = {isa = PBXBuildFile; fileRef = 63FF913B16D108A90068ADFB /* MessageUI.framework */; };
/* End PBXBuildFile section */

/* Begin PBXContainerItemProxy section */
		634191DC16D0D6590069B528 /* PBXContainerItemProxy */ = {
			isa = PBXContainerItemProxy;
			containerPortal = 634191A916D0D6590069B528 /* Project object */;
			proxyType = 1;
			remoteGlobalIDString = 634191B016D0D6590069B528;
			remoteInfo = NetworkNews;
		};
/* End PBXContainerItemProxy section */

/* Begin PBXFileReference section */
		03148F3A1C47348400BAFED3 /* libz.tbd */ = {isa = PBXFileReference; lastKnownFileType = "sourcecode.text-based-dylib-definition"; name = libz.tbd; path = usr/lib/libz.tbd; sourceTree = SDKROOT; };
		03ECA37C206081C600A44D65 /* LaunchScreen.storyboard */ = {isa = PBXFileReference; lastKnownFileType = file.storyboard; path = LaunchScreen.storyboard; sourceTree = "<group>"; };
		6302EF0C178D8E7800BBC68E /* ExtendedLayoutManager.h */ = {isa = PBXFileReference; fileEncoding = 4; lastKnownFileType = sourcecode.c.h; path = ExtendedLayoutManager.h; sourceTree = "<group>"; };
		6302EF0D178D8E7800BBC68E /* ExtendedLayoutManager.m */ = {isa = PBXFileReference; fileEncoding = 4; lastKnownFileType = sourcecode.c.objc; path = ExtendedLayoutManager.m; sourceTree = "<group>"; };
		631CBA691893CB2400B9421A /* ArticleRange.m */ = {isa = PBXFileReference; fileEncoding = 4; lastKnownFileType = sourcecode.c.objc; path = ArticleRange.m; sourceTree = "<group>"; };
		63271075183F20E200CD249E /* NNNewsrc.h */ = {isa = PBXFileReference; fileEncoding = 4; lastKnownFileType = sourcecode.c.h; path = NNNewsrc.h; sourceTree = "<group>"; };
		63271076183F20E200CD249E /* NNNewsrc.m */ = {isa = PBXFileReference; fileEncoding = 4; lastKnownFileType = sourcecode.c.objc; path = NNNewsrc.m; sourceTree = "<group>"; };
		633D9C3C16E1A489008DD64F /* NewsAccount.h */ = {isa = PBXFileReference; fileEncoding = 4; lastKnownFileType = sourcecode.c.h; path = NewsAccount.h; sourceTree = "<group>"; };
		633D9C3D16E1A489008DD64F /* NewsAccount.m */ = {isa = PBXFileReference; fileEncoding = 4; lastKnownFileType = sourcecode.c.objc; path = NewsAccount.m; sourceTree = "<group>"; };
		634191B116D0D6590069B528 /* NetworkNews.app */ = {isa = PBXFileReference; explicitFileType = wrapper.application; includeInIndex = 0; path = NetworkNews.app; sourceTree = BUILT_PRODUCTS_DIR; };
		634191B416D0D6590069B528 /* UIKit.framework */ = {isa = PBXFileReference; lastKnownFileType = wrapper.framework; name = UIKit.framework; path = System/Library/Frameworks/UIKit.framework; sourceTree = SDKROOT; };
		634191B616D0D6590069B528 /* Foundation.framework */ = {isa = PBXFileReference; lastKnownFileType = wrapper.framework; name = Foundation.framework; path = System/Library/Frameworks/Foundation.framework; sourceTree = SDKROOT; };
		634191B816D0D6590069B528 /* CoreGraphics.framework */ = {isa = PBXFileReference; lastKnownFileType = wrapper.framework; name = CoreGraphics.framework; path = System/Library/Frameworks/CoreGraphics.framework; sourceTree = SDKROOT; };
		634191BC16D0D6590069B528 /* NetworkNews-Info.plist */ = {isa = PBXFileReference; lastKnownFileType = text.plist.xml; path = "NetworkNews-Info.plist"; sourceTree = "<group>"; };
		634191BE16D0D6590069B528 /* en */ = {isa = PBXFileReference; lastKnownFileType = text.plist.strings; name = en; path = en.lproj/InfoPlist.strings; sourceTree = "<group>"; };
		634191C016D0D6590069B528 /* main.m */ = {isa = PBXFileReference; lastKnownFileType = sourcecode.c.objc; path = main.m; sourceTree = "<group>"; };
		634191C216D0D6590069B528 /* NetworkNews-Prefix.pch */ = {isa = PBXFileReference; lastKnownFileType = sourcecode.c.h; path = "NetworkNews-Prefix.pch"; sourceTree = "<group>"; };
		634191C316D0D6590069B528 /* AppDelegate.h */ = {isa = PBXFileReference; lastKnownFileType = sourcecode.c.h; path = AppDelegate.h; sourceTree = "<group>"; };
		634191C416D0D6590069B528 /* AppDelegate.m */ = {isa = PBXFileReference; lastKnownFileType = sourcecode.c.objc; path = AppDelegate.m; sourceTree = "<group>"; };
		634191D716D0D6590069B528 /* NetworkNewsTests.xctest */ = {isa = PBXFileReference; explicitFileType = wrapper.cfbundle; includeInIndex = 0; path = NetworkNewsTests.xctest; sourceTree = BUILT_PRODUCTS_DIR; };
		634191E016D0D6590069B528 /* NetworkNewsTests-Info.plist */ = {isa = PBXFileReference; lastKnownFileType = text.plist.xml; path = "NetworkNewsTests-Info.plist"; sourceTree = "<group>"; };
		634191E216D0D6590069B528 /* en */ = {isa = PBXFileReference; lastKnownFileType = text.plist.strings; name = en; path = en.lproj/InfoPlist.strings; sourceTree = "<group>"; };
		634191E416D0D6590069B528 /* NetworkNewsTests.h */ = {isa = PBXFileReference; lastKnownFileType = sourcecode.c.h; path = NetworkNewsTests.h; sourceTree = "<group>"; };
		634191E516D0D6590069B528 /* NetworkNewsTests.m */ = {isa = PBXFileReference; lastKnownFileType = sourcecode.c.objc; path = NetworkNewsTests.m; sourceTree = "<group>"; };
		634191F316D0D87F0069B528 /* ArticleViewController.h */ = {isa = PBXFileReference; fileEncoding = 4; lastKnownFileType = sourcecode.c.h; path = ArticleViewController.h; sourceTree = "<group>"; };
		634191F416D0D87F0069B528 /* ArticleViewController.m */ = {isa = PBXFileReference; fileEncoding = 4; lastKnownFileType = sourcecode.c.objc; path = ArticleViewController.m; sourceTree = "<group>"; };
		634191F916D0D87F0069B528 /* changes.txt */ = {isa = PBXFileReference; fileEncoding = 4; lastKnownFileType = text; name = changes.txt; path = NetworkNews/changes.txt; sourceTree = "<group>"; };
		634191FA16D0D87F0069B528 /* EditableTableViewCell.h */ = {isa = PBXFileReference; fileEncoding = 4; lastKnownFileType = sourcecode.c.h; path = EditableTableViewCell.h; sourceTree = "<group>"; };
		634191FB16D0D87F0069B528 /* EditableTableViewCell.m */ = {isa = PBXFileReference; fileEncoding = 4; lastKnownFileType = sourcecode.c.objc; path = EditableTableViewCell.m; sourceTree = "<group>"; };
		6341920516D0D8800069B528 /* en */ = {isa = PBXFileReference; lastKnownFileType = file.xib; name = en; path = en.lproj/EditableTextTableViewCell.xib; sourceTree = "<group>"; };
		6341920916D0D8800069B528 /* en */ = {isa = PBXFileReference; lastKnownFileType = file.xib; name = en; path = en.lproj/GroupInfoView.xib; sourceTree = "<group>"; };
		6341920D16D0D8800069B528 /* en */ = {isa = PBXFileReference; lastKnownFileType = file.xib; name = en; path = en.lproj/AccountSettingsView.xib; sourceTree = "<group>"; };
		6341920F16D0D8800069B528 /* en */ = {isa = PBXFileReference; lastKnownFileType = file.xib; name = en; path = en.lproj/NewArticleView.xib; sourceTree = "<group>"; };
		6341921A16D0D8800069B528 /* ExtendedDateFormatter.h */ = {isa = PBXFileReference; fileEncoding = 4; lastKnownFileType = sourcecode.c.h; path = ExtendedDateFormatter.h; sourceTree = "<group>"; };
		6341921B16D0D8800069B528 /* ExtendedDateFormatter.m */ = {isa = PBXFileReference; fileEncoding = 4; lastKnownFileType = sourcecode.c.objc; path = ExtendedDateFormatter.m; sourceTree = "<group>"; };
		6341921E16D0D8800069B528 /* FavouriteGroupsViewController.h */ = {isa = PBXFileReference; fileEncoding = 4; lastKnownFileType = sourcecode.c.h; path = FavouriteGroupsViewController.h; sourceTree = "<group>"; };
		6341921F16D0D8800069B528 /* FavouriteGroupsViewController.m */ = {isa = PBXFileReference; fileEncoding = 4; lastKnownFileType = sourcecode.c.objc; path = FavouriteGroupsViewController.m; sourceTree = "<group>"; };
		6341922016D0D8800069B528 /* FieldView.h */ = {isa = PBXFileReference; fileEncoding = 4; lastKnownFileType = sourcecode.c.h; path = FieldView.h; sourceTree = "<group>"; };
		6341922116D0D8800069B528 /* FieldView.m */ = {isa = PBXFileReference; fileEncoding = 4; lastKnownFileType = sourcecode.c.objc; path = FieldView.m; sourceTree = "<group>"; };
		6341922816D0D8800069B528 /* GroupInfoViewController.h */ = {isa = PBXFileReference; fileEncoding = 4; lastKnownFileType = sourcecode.c.h; path = GroupInfoViewController.h; sourceTree = "<group>"; };
		6341922916D0D8800069B528 /* GroupInfoViewController.m */ = {isa = PBXFileReference; fileEncoding = 4; lastKnownFileType = sourcecode.c.objc; path = GroupInfoViewController.m; sourceTree = "<group>"; };
		6341923816D0D8800069B528 /* NetworkNews.h */ = {isa = PBXFileReference; fileEncoding = 4; lastKnownFileType = sourcecode.c.h; path = NetworkNews.h; sourceTree = "<group>"; };
		6341923916D0D8800069B528 /* AccountSettingsViewController.h */ = {isa = PBXFileReference; fileEncoding = 4; lastKnownFileType = sourcecode.c.h; path = AccountSettingsViewController.h; sourceTree = "<group>"; };
		6341923A16D0D8800069B528 /* AccountSettingsViewController.m */ = {isa = PBXFileReference; fileEncoding = 4; lastKnownFileType = sourcecode.c.objc; path = AccountSettingsViewController.m; sourceTree = "<group>"; };
		6341923B16D0D8800069B528 /* NewArticleViewController.h */ = {isa = PBXFileReference; fileEncoding = 4; lastKnownFileType = sourcecode.c.h; path = NewArticleViewController.h; sourceTree = "<group>"; };
		6341923C16D0D8800069B528 /* NewArticleViewController.m */ = {isa = PBXFileReference; fileEncoding = 4; lastKnownFileType = sourcecode.c.objc; path = NewArticleViewController.m; sourceTree = "<group>"; };
		6341924416D0D8800069B528 /* SearchGroupsViewController.h */ = {isa = PBXFileReference; fileEncoding = 4; lastKnownFileType = sourcecode.c.h; path = SearchGroupsViewController.h; sourceTree = "<group>"; };
		6341924516D0D8800069B528 /* SearchGroupsViewController.m */ = {isa = PBXFileReference; fileEncoding = 4; lastKnownFileType = sourcecode.c.objc; path = SearchGroupsViewController.m; sourceTree = "<group>"; };
		6341924616D0D8800069B528 /* AccountsViewController.h */ = {isa = PBXFileReference; fileEncoding = 4; lastKnownFileType = sourcecode.c.h; path = AccountsViewController.h; sourceTree = "<group>"; };
		6341924716D0D8800069B528 /* AccountsViewController.m */ = {isa = PBXFileReference; fileEncoding = 4; lastKnownFileType = sourcecode.c.objc; path = AccountsViewController.m; sourceTree = "<group>"; };
		6341924B16D0D8800069B528 /* ThreadIterator.h */ = {isa = PBXFileReference; fileEncoding = 4; lastKnownFileType = sourcecode.c.h; path = ThreadIterator.h; sourceTree = "<group>"; };
		6341924C16D0D8800069B528 /* ThreadIterator.m */ = {isa = PBXFileReference; fileEncoding = 4; lastKnownFileType = sourcecode.c.objc; path = ThreadIterator.m; sourceTree = "<group>"; };
		6341924D16D0D8800069B528 /* ThreadListTableViewCell.h */ = {isa = PBXFileReference; fileEncoding = 4; lastKnownFileType = sourcecode.c.h; path = ThreadListTableViewCell.h; sourceTree = "<group>"; };
		6341924E16D0D8800069B528 /* ThreadListTableViewCell.m */ = {isa = PBXFileReference; fileEncoding = 4; lastKnownFileType = sourcecode.c.objc; path = ThreadListTableViewCell.m; sourceTree = "<group>"; };
		6341924F16D0D8800069B528 /* ThreadListViewController.h */ = {isa = PBXFileReference; fileEncoding = 4; lastKnownFileType = sourcecode.c.h; path = ThreadListViewController.h; sourceTree = "<group>"; };
		6341925016D0D8800069B528 /* ThreadListViewController.m */ = {isa = PBXFileReference; fileEncoding = 4; lastKnownFileType = sourcecode.c.objc; path = ThreadListViewController.m; sourceTree = "<group>"; };
		6341925116D0D8800069B528 /* ThreadSectionHeaderView.h */ = {isa = PBXFileReference; fileEncoding = 4; lastKnownFileType = sourcecode.c.h; path = ThreadSectionHeaderView.h; sourceTree = "<group>"; };
		6341925216D0D8800069B528 /* ThreadSectionHeaderView.m */ = {isa = PBXFileReference; fileEncoding = 4; lastKnownFileType = sourcecode.c.objc; path = ThreadSectionHeaderView.m; sourceTree = "<group>"; };
		6341925316D0D8800069B528 /* ThreadTableViewCell.h */ = {isa = PBXFileReference; fileEncoding = 4; lastKnownFileType = sourcecode.c.h; path = ThreadTableViewCell.h; sourceTree = "<group>"; };
		6341925416D0D8800069B528 /* ThreadTableViewCell.m */ = {isa = PBXFileReference; fileEncoding = 4; lastKnownFileType = sourcecode.c.objc; path = ThreadTableViewCell.m; sourceTree = "<group>"; };
		6341925516D0D8800069B528 /* ThreadViewController.h */ = {isa = PBXFileReference; fileEncoding = 4; lastKnownFileType = sourcecode.c.h; path = ThreadViewController.h; sourceTree = "<group>"; };
		6341925616D0D8800069B528 /* ThreadViewController.m */ = {isa = PBXFileReference; fileEncoding = 4; lastKnownFileType = sourcecode.c.objc; path = ThreadViewController.m; sourceTree = "<group>"; };
		6341925716D0D8800069B528 /* todo.txt */ = {isa = PBXFileReference; fileEncoding = 4; lastKnownFileType = text; name = todo.txt; path = NetworkNews/todo.txt; sourceTree = "<group>"; };
		6341925A16D0D8800069B528 /* WelcomeViewController.h */ = {isa = PBXFileReference; fileEncoding = 4; lastKnownFileType = sourcecode.c.h; path = WelcomeViewController.h; sourceTree = "<group>"; };
		6341925B16D0D8800069B528 /* WelcomeViewController.m */ = {isa = PBXFileReference; fileEncoding = 4; lastKnownFileType = sourcecode.c.objc; path = WelcomeViewController.m; sourceTree = "<group>"; };
		634192A716D0DAEC0069B528 /* Article.h */ = {isa = PBXFileReference; fileEncoding = 4; lastKnownFileType = sourcecode.c.h; path = Article.h; sourceTree = "<group>"; };
		634192A816D0DAEC0069B528 /* Article.m */ = {isa = PBXFileReference; fileEncoding = 4; lastKnownFileType = sourcecode.c.objc; path = Article.m; sourceTree = "<group>"; };
		634192AC16D0DAEC0069B528 /* ArticlePart.h */ = {isa = PBXFileReference; fileEncoding = 4; lastKnownFileType = sourcecode.c.h; path = ArticlePart.h; sourceTree = "<group>"; };
		634192AD16D0DAEC0069B528 /* ArticlePart.m */ = {isa = PBXFileReference; fileEncoding = 4; lastKnownFileType = sourcecode.c.objc; path = ArticlePart.m; sourceTree = "<group>"; };
		634192AE16D0DAEC0069B528 /* ArticlePartContent.h */ = {isa = PBXFileReference; fileEncoding = 4; lastKnownFileType = sourcecode.c.h; path = ArticlePartContent.h; sourceTree = "<group>"; };
		634192AF16D0DAEC0069B528 /* ArticlePartContent.m */ = {isa = PBXFileReference; fileEncoding = 4; lastKnownFileType = sourcecode.c.objc; path = ArticlePartContent.m; sourceTree = "<group>"; };
		634192B216D0DAEC0069B528 /* Attachment.h */ = {isa = PBXFileReference; fileEncoding = 4; lastKnownFileType = sourcecode.c.h; path = Attachment.h; sourceTree = "<group>"; };
		634192B316D0DAEC0069B528 /* Attachment.m */ = {isa = PBXFileReference; fileEncoding = 4; lastKnownFileType = sourcecode.c.objc; path = Attachment.m; sourceTree = "<group>"; };
		634192B416D0DAEC0069B528 /* ConnectionVerifier.h */ = {isa = PBXFileReference; fileEncoding = 4; lastKnownFileType = sourcecode.c.h; path = ConnectionVerifier.h; sourceTree = "<group>"; };
		634192B516D0DAEC0069B528 /* ConnectionVerifier.m */ = {isa = PBXFileReference; fileEncoding = 4; lastKnownFileType = sourcecode.c.objc; path = ConnectionVerifier.m; sourceTree = "<group>"; };
		634192B616D0DAEC0069B528 /* ContentType.h */ = {isa = PBXFileReference; fileEncoding = 4; lastKnownFileType = sourcecode.c.h; path = ContentType.h; sourceTree = "<group>"; };
		634192B716D0DAEC0069B528 /* ContentType.m */ = {isa = PBXFileReference; fileEncoding = 4; lastKnownFileType = sourcecode.c.objc; path = ContentType.m; sourceTree = "<group>"; };
		634192B816D0DAEC0069B528 /* CoreDataStore.h */ = {isa = PBXFileReference; fileEncoding = 4; lastKnownFileType = sourcecode.c.h; path = CoreDataStore.h; sourceTree = "<group>"; };
		634192B916D0DAED0069B528 /* CoreDataStore.m */ = {isa = PBXFileReference; fileEncoding = 4; lastKnownFileType = sourcecode.c.objc; path = CoreDataStore.m; sourceTree = "<group>"; };
		634192BE16D0DAED0069B528 /* EncodedWordDecoder.h */ = {isa = PBXFileReference; fileEncoding = 4; lastKnownFileType = sourcecode.c.h; path = EncodedWordDecoder.h; sourceTree = "<group>"; };
		634192BF16D0DAED0069B528 /* EncodedWordDecoder.m */ = {isa = PBXFileReference; fileEncoding = 4; lastKnownFileType = sourcecode.c.objc; path = EncodedWordDecoder.m; sourceTree = "<group>"; };
		634192C016D0DAED0069B528 /* GroupListing.h */ = {isa = PBXFileReference; fileEncoding = 4; lastKnownFileType = sourcecode.c.h; path = GroupListing.h; sourceTree = "<group>"; };
		634192C116D0DAED0069B528 /* GroupListing.m */ = {isa = PBXFileReference; fileEncoding = 4; lastKnownFileType = sourcecode.c.objc; path = GroupListing.m; sourceTree = "<group>"; };
		634192C216D0DAED0069B528 /* GroupStore.h */ = {isa = PBXFileReference; fileEncoding = 4; lastKnownFileType = sourcecode.c.h; path = GroupStore.h; sourceTree = "<group>"; };
		634192C316D0DAED0069B528 /* GroupStore.m */ = {isa = PBXFileReference; fileEncoding = 4; lastKnownFileType = sourcecode.c.objc; path = GroupStore.m; sourceTree = "<group>"; };
		634192CB16D0DAED0069B528 /* NewsKit.h */ = {isa = PBXFileReference; fileEncoding = 4; lastKnownFileType = sourcecode.c.h; path = NewsKit.h; sourceTree = "<group>"; };
		634192CC16D0DAED0069B528 /* NNArticleFormatter.h */ = {isa = PBXFileReference; fileEncoding = 4; lastKnownFileType = sourcecode.c.h; path = NNArticleFormatter.h; sourceTree = "<group>"; };
		634192CD16D0DAED0069B528 /* NNArticleFormatter.m */ = {isa = PBXFileReference; fileEncoding = 4; lastKnownFileType = sourcecode.c.objc; path = NNArticleFormatter.m; sourceTree = "<group>"; };
		634192CE16D0DAED0069B528 /* NNBase64Decoder.h */ = {isa = PBXFileReference; fileEncoding = 4; lastKnownFileType = sourcecode.c.h; path = NNBase64Decoder.h; sourceTree = "<group>"; };
		634192CF16D0DAED0069B528 /* NNBase64Decoder.m */ = {isa = PBXFileReference; fileEncoding = 4; lastKnownFileType = sourcecode.c.objc; path = NNBase64Decoder.m; sourceTree = "<group>"; };
		634192D216D0DAED0069B528 /* NNHeaderEntry.h */ = {isa = PBXFileReference; fileEncoding = 4; lastKnownFileType = sourcecode.c.h; path = NNHeaderEntry.h; sourceTree = "<group>"; };
		634192D316D0DAED0069B528 /* NNHeaderEntry.m */ = {isa = PBXFileReference; fileEncoding = 4; lastKnownFileType = sourcecode.c.objc; path = NNHeaderEntry.m; sourceTree = "<group>"; };
		634192D416D0DAED0069B528 /* NNHeaderParser.h */ = {isa = PBXFileReference; fileEncoding = 4; lastKnownFileType = sourcecode.c.h; path = NNHeaderParser.h; sourceTree = "<group>"; };
		634192D516D0DAED0069B528 /* NNHeaderParser.m */ = {isa = PBXFileReference; fileEncoding = 4; lastKnownFileType = sourcecode.c.objc; path = NNHeaderParser.m; sourceTree = "<group>"; };
		634192D616D0DAED0069B528 /* NNQuoteLevel.h */ = {isa = PBXFileReference; fileEncoding = 4; lastKnownFileType = sourcecode.c.h; path = NNQuoteLevel.h; sourceTree = "<group>"; };
		634192D716D0DAED0069B528 /* NNQuoteLevel.m */ = {isa = PBXFileReference; fileEncoding = 4; lastKnownFileType = sourcecode.c.objc; path = NNQuoteLevel.m; sourceTree = "<group>"; };
		634192D816D0DAED0069B528 /* NNQuoteLevelParser.h */ = {isa = PBXFileReference; fileEncoding = 4; lastKnownFileType = sourcecode.c.h; path = NNQuoteLevelParser.h; sourceTree = "<group>"; };
		634192D916D0DAED0069B528 /* NNQuoteLevelParser.m */ = {isa = PBXFileReference; fileEncoding = 4; lastKnownFileType = sourcecode.c.objc; path = NNQuoteLevelParser.m; sourceTree = "<group>"; };
		634192DC16D0DAED0069B528 /* NNServerDelegate.h */ = {isa = PBXFileReference; fileEncoding = 4; lastKnownFileType = sourcecode.c.h; path = NNServerDelegate.h; sourceTree = "<group>"; };
		634192DD16D0DAED0069B528 /* NSArray+NewsAdditions.h */ = {isa = PBXFileReference; fileEncoding = 4; lastKnownFileType = sourcecode.c.h; path = "NSArray+NewsAdditions.h"; sourceTree = "<group>"; };
		634192DE16D0DAEE0069B528 /* NSArray+NewsAdditions.m */ = {isa = PBXFileReference; fileEncoding = 4; lastKnownFileType = sourcecode.c.objc; path = "NSArray+NewsAdditions.m"; sourceTree = "<group>"; };
		634192DF16D0DAEE0069B528 /* NSData+NewsAdditions.h */ = {isa = PBXFileReference; fileEncoding = 4; lastKnownFileType = sourcecode.c.h; path = "NSData+NewsAdditions.h"; sourceTree = "<group>"; };
		634192E016D0DAEE0069B528 /* NSData+NewsAdditions.m */ = {isa = PBXFileReference; fileEncoding = 4; lastKnownFileType = sourcecode.c.objc; path = "NSData+NewsAdditions.m"; sourceTree = "<group>"; };
		634192E316D0DAEE0069B528 /* NSString+NewsAdditions.h */ = {isa = PBXFileReference; fileEncoding = 4; lastKnownFileType = sourcecode.c.h; path = "NSString+NewsAdditions.h"; sourceTree = "<group>"; };
		634192E416D0DAEE0069B528 /* NSString+NewsAdditions.m */ = {isa = PBXFileReference; fileEncoding = 4; lastKnownFileType = sourcecode.c.objc; path = "NSString+NewsAdditions.m"; sourceTree = "<group>"; };
		634192E716D0DAEE0069B528 /* QuotedPrintableDecoder.h */ = {isa = PBXFileReference; fileEncoding = 4; lastKnownFileType = sourcecode.c.h; path = QuotedPrintableDecoder.h; sourceTree = "<group>"; };
		634192E816D0DAEE0069B528 /* QuotedPrintableDecoder.m */ = {isa = PBXFileReference; fileEncoding = 4; lastKnownFileType = sourcecode.c.objc; path = QuotedPrintableDecoder.m; sourceTree = "<group>"; };
		634192EB16D0DAEE0069B528 /* Thread.h */ = {isa = PBXFileReference; fileEncoding = 4; lastKnownFileType = sourcecode.c.h; path = Thread.h; sourceTree = "<group>"; };
		634192EC16D0DAEE0069B528 /* Thread.m */ = {isa = PBXFileReference; fileEncoding = 4; lastKnownFileType = sourcecode.c.objc; path = Thread.m; sourceTree = "<group>"; };
		634192ED16D0DAEE0069B528 /* UUDecoder.h */ = {isa = PBXFileReference; fileEncoding = 4; lastKnownFileType = sourcecode.c.h; path = UUDecoder.h; sourceTree = "<group>"; };
		634192EE16D0DAEE0069B528 /* UUDecoder.m */ = {isa = PBXFileReference; fileEncoding = 4; lastKnownFileType = sourcecode.c.objc; path = UUDecoder.m; sourceTree = "<group>"; };
		634192EF16D0DAEE0069B528 /* YEncDecoder.h */ = {isa = PBXFileReference; fileEncoding = 4; lastKnownFileType = sourcecode.c.h; path = YEncDecoder.h; sourceTree = "<group>"; };
		634192F016D0DAEE0069B528 /* YEncDecoder.m */ = {isa = PBXFileReference; fileEncoding = 4; lastKnownFileType = sourcecode.c.objc; path = YEncDecoder.m; sourceTree = "<group>"; };
		6341931916D0DC0B0069B528 /* EmailAddressFormatter.h */ = {isa = PBXFileReference; fileEncoding = 4; lastKnownFileType = sourcecode.c.h; path = EmailAddressFormatter.h; sourceTree = "<group>"; };
		6341931A16D0DC0B0069B528 /* EmailAddressFormatter.m */ = {isa = PBXFileReference; fileEncoding = 4; lastKnownFileType = sourcecode.c.objc; path = EmailAddressFormatter.m; sourceTree = "<group>"; };
		6341931C16D0DDE30069B528 /* SizeFormatter.h */ = {isa = PBXFileReference; fileEncoding = 4; lastKnownFileType = sourcecode.c.h; path = SizeFormatter.h; sourceTree = "<group>"; };
		6341931D16D0DDE30069B528 /* SizeFormatter.m */ = {isa = PBXFileReference; fileEncoding = 4; lastKnownFileType = sourcecode.c.objc; path = SizeFormatter.m; sourceTree = "<group>"; };
		63442696170E59E800483FC4 /* UIColor+NewsAdditions.h */ = {isa = PBXFileReference; fileEncoding = 4; lastKnownFileType = sourcecode.c.h; path = "UIColor+NewsAdditions.h"; sourceTree = "<group>"; };
		63442697170E59E800483FC4 /* UIColor+NewsAdditions.m */ = {isa = PBXFileReference; fileEncoding = 4; lastKnownFileType = sourcecode.c.objc; path = "UIColor+NewsAdditions.m"; sourceTree = "<group>"; };
		63442699170E72D900483FC4 /* ThreadListView_iPad.xib */ = {isa = PBXFileReference; fileEncoding = 4; lastKnownFileType = file.xib; path = ThreadListView_iPad.xib; sourceTree = "<group>"; };
		63529AA216FDB31C0089E65E /* AssemblePartsOperation.h */ = {isa = PBXFileReference; fileEncoding = 4; lastKnownFileType = sourcecode.c.h; path = AssemblePartsOperation.h; sourceTree = "<group>"; };
		63529AA316FDB31C0089E65E /* AssemblePartsOperation.m */ = {isa = PBXFileReference; fileEncoding = 4; lastKnownFileType = sourcecode.c.objc; path = AssemblePartsOperation.m; sourceTree = "<group>"; };
		63529AA516FEB5320089E65E /* PostArticleOperation.h */ = {isa = PBXFileReference; fileEncoding = 4; lastKnownFileType = sourcecode.c.h; path = PostArticleOperation.h; sourceTree = "<group>"; };
		63529AA616FEB5320089E65E /* PostArticleOperation.m */ = {isa = PBXFileReference; fileEncoding = 4; lastKnownFileType = sourcecode.c.objc; path = PostArticleOperation.m; sourceTree = "<group>"; };
		63529AA816FEC7A60089E65E /* UIApplication+NewsAdditions.h */ = {isa = PBXFileReference; fileEncoding = 4; lastKnownFileType = sourcecode.c.h; path = "UIApplication+NewsAdditions.h"; sourceTree = "<group>"; };
		63529AA916FEC7A60089E65E /* UIApplication+NewsAdditions.m */ = {isa = PBXFileReference; fileEncoding = 4; lastKnownFileType = sourcecode.c.objc; path = "UIApplication+NewsAdditions.m"; sourceTree = "<group>"; };
		6398525616D0FBEA009303E2 /* LineIterator.h */ = {isa = PBXFileReference; fileEncoding = 4; lastKnownFileType = sourcecode.c.h; path = LineIterator.h; sourceTree = "<group>"; };
		6398525716D0FBEA009303E2 /* LineIterator.m */ = {isa = PBXFileReference; fileEncoding = 4; lastKnownFileType = sourcecode.c.objc; path = LineIterator.m; sourceTree = "<group>"; };
		639F5EC517039A1B004BA972 /* ArticleView_iPad.xib */ = {isa = PBXFileReference; fileEncoding = 4; lastKnownFileType = file.xib; path = ArticleView_iPad.xib; sourceTree = "<group>"; };
		63A6063A16F2D2080089CF4A /* ArticleRange.h */ = {isa = PBXFileReference; fileEncoding = 4; lastKnownFileType = sourcecode.c.h; path = ArticleRange.h; sourceTree = "<group>"; };
		63A7205016F32B6B000AC69C /* FetchArticleOperation.h */ = {isa = PBXFileReference; fileEncoding = 4; lastKnownFileType = sourcecode.c.h; path = FetchArticleOperation.h; sourceTree = "<group>"; };
		63A7205116F32B6B000AC69C /* FetchArticleOperation.m */ = {isa = PBXFileReference; fileEncoding = 4; lastKnownFileType = sourcecode.c.objc; path = FetchArticleOperation.m; sourceTree = "<group>"; };
		63C3011B1769707A00F8B6FE /* Images.xcassets */ = {isa = PBXFileReference; lastKnownFileType = folder.assetcatalog; path = Images.xcassets; sourceTree = "<group>"; };
		63C3011D176972B300F8B6FE /* Main.storyboard */ = {isa = PBXFileReference; fileEncoding = 4; lastKnownFileType = file.storyboard; path = Main.storyboard; sourceTree = "<group>"; };
		63C69191178D65450016776B /* NSMutableAttributedString+NewsAdditions.h */ = {isa = PBXFileReference; lastKnownFileType = sourcecode.c.h; path = "NSMutableAttributedString+NewsAdditions.h"; sourceTree = "<group>"; };
		63C69192178D65450016776B /* NSMutableAttributedString+NewsAdditions.m */ = {isa = PBXFileReference; lastKnownFileType = sourcecode.c.objc; path = "NSMutableAttributedString+NewsAdditions.m"; sourceTree = "<group>"; };
		63C69194178D70EB0016776B /* Preferences.h */ = {isa = PBXFileReference; fileEncoding = 4; lastKnownFileType = sourcecode.c.h; path = Preferences.h; sourceTree = "<group>"; };
		63C69195178D70EB0016776B /* Preferences.m */ = {isa = PBXFileReference; fileEncoding = 4; lastKnownFileType = sourcecode.c.objc; path = Preferences.m; sourceTree = "<group>"; };
		63E3A76A16E99BD300BD3D13 /* NewsConnection.h */ = {isa = PBXFileReference; fileEncoding = 4; lastKnownFileType = sourcecode.c.h; path = NewsConnection.h; sourceTree = "<group>"; };
		63E3A76B16E99BD300BD3D13 /* NewsConnection.m */ = {isa = PBXFileReference; fileEncoding = 4; lastKnownFileType = sourcecode.c.objc; path = NewsConnection.m; sourceTree = "<group>"; };
		63E3A76D16EA10C100BD3D13 /* NewsResponse.h */ = {isa = PBXFileReference; fileEncoding = 4; lastKnownFileType = sourcecode.c.h; path = NewsResponse.h; sourceTree = "<group>"; };
		63E3A76E16EA10C200BD3D13 /* NewsResponse.m */ = {isa = PBXFileReference; fileEncoding = 4; lastKnownFileType = sourcecode.c.objc; path = NewsResponse.m; sourceTree = "<group>"; };
		63E3A77116EAD01500BD3D13 /* GroupListSearchOperation.h */ = {isa = PBXFileReference; fileEncoding = 4; lastKnownFileType = sourcecode.c.h; path = GroupListSearchOperation.h; sourceTree = "<group>"; };
		63E3A77216EAD01500BD3D13 /* GroupListSearchOperation.m */ = {isa = PBXFileReference; fileEncoding = 4; lastKnownFileType = sourcecode.c.objc; path = GroupListSearchOperation.m; sourceTree = "<group>"; };
		63E3A77416EB6FF800BD3D13 /* NewsConnectionPool.h */ = {isa = PBXFileReference; fileEncoding = 4; lastKnownFileType = sourcecode.c.h; path = NewsConnectionPool.h; sourceTree = "<group>"; };
		63E3A77516EB6FF800BD3D13 /* NewsConnectionPool.m */ = {isa = PBXFileReference; fileEncoding = 4; lastKnownFileType = sourcecode.c.objc; path = NewsConnectionPool.m; sourceTree = "<group>"; };
		63E3A77716ECAFF900BD3D13 /* ArticleOverviewsOperation.h */ = {isa = PBXFileReference; fileEncoding = 4; lastKnownFileType = sourcecode.c.h; path = ArticleOverviewsOperation.h; sourceTree = "<group>"; };
		63E3A77816ECAFF900BD3D13 /* ArticleOverviewsOperation.m */ = {isa = PBXFileReference; fileEncoding = 4; lastKnownFileType = sourcecode.c.objc; path = ArticleOverviewsOperation.m; sourceTree = "<group>"; };
		63E3A77B16EE89C400BD3D13 /* News.xcdatamodel */ = {isa = PBXFileReference; lastKnownFileType = wrapper.xcdatamodel; path = News.xcdatamodel; sourceTree = "<group>"; };
		63FF913316D1087C0068ADFB /* CFNetwork.framework */ = {isa = PBXFileReference; lastKnownFileType = wrapper.framework; name = CFNetwork.framework; path = System/Library/Frameworks/CFNetwork.framework; sourceTree = SDKROOT; };
		63FF913516D108870068ADFB /* Security.framework */ = {isa = PBXFileReference; lastKnownFileType = wrapper.framework; name = Security.framework; path = System/Library/Frameworks/Security.framework; sourceTree = SDKROOT; };
		63FF913716D108920068ADFB /* QuartzCore.framework */ = {isa = PBXFileReference; lastKnownFileType = wrapper.framework; name = QuartzCore.framework; path = System/Library/Frameworks/QuartzCore.framework; sourceTree = SDKROOT; };
		63FF913916D1089F0068ADFB /* CoreData.framework */ = {isa = PBXFileReference; lastKnownFileType = wrapper.framework; name = CoreData.framework; path = System/Library/Frameworks/CoreData.framework; sourceTree = SDKROOT; };
		63FF913B16D108A90068ADFB /* MessageUI.framework */ = {isa = PBXFileReference; lastKnownFileType = wrapper.framework; name = MessageUI.framework; path = System/Library/Frameworks/MessageUI.framework; sourceTree = SDKROOT; };
/* End PBXFileReference section */

/* Begin PBXFrameworksBuildPhase section */
		634191AE16D0D6590069B528 /* Frameworks */ = {
			isa = PBXFrameworksBuildPhase;
			buildActionMask = 2147483647;
			files = (
				03148F3B1C47348400BAFED3 /* libz.tbd in Frameworks */,
				63FF913C16D108A90068ADFB /* MessageUI.framework in Frameworks */,
				63FF913A16D108A00068ADFB /* CoreData.framework in Frameworks */,
				63FF913816D108920068ADFB /* QuartzCore.framework in Frameworks */,
				63FF913616D108880068ADFB /* Security.framework in Frameworks */,
				63FF913416D1087D0068ADFB /* CFNetwork.framework in Frameworks */,
				634191B516D0D6590069B528 /* UIKit.framework in Frameworks */,
				634191B716D0D6590069B528 /* Foundation.framework in Frameworks */,
				634191B916D0D6590069B528 /* CoreGraphics.framework in Frameworks */,
			);
			runOnlyForDeploymentPostprocessing = 0;
		};
		634191D316D0D6590069B528 /* Frameworks */ = {
			isa = PBXFrameworksBuildPhase;
			buildActionMask = 2147483647;
			files = (
				634191DA16D0D6590069B528 /* UIKit.framework in Frameworks */,
				634191DB16D0D6590069B528 /* Foundation.framework in Frameworks */,
			);
			runOnlyForDeploymentPostprocessing = 0;
		};
/* End PBXFrameworksBuildPhase section */

/* Begin PBXGroup section */
		634191A816D0D6590069B528 = {
			isa = PBXGroup;
			children = (
				634191BA16D0D6590069B528 /* NetworkNews */,
				634191DE16D0D6590069B528 /* NetworkNewsTests */,
				634191B316D0D6590069B528 /* Frameworks */,
				634191B216D0D6590069B528 /* Products */,
				634191F916D0D87F0069B528 /* changes.txt */,
				6341925716D0D8800069B528 /* todo.txt */,
			);
			indentWidth = 4;
			sourceTree = "<group>";
			tabWidth = 4;
		};
		634191B216D0D6590069B528 /* Products */ = {
			isa = PBXGroup;
			children = (
				634191B116D0D6590069B528 /* NetworkNews.app */,
				634191D716D0D6590069B528 /* NetworkNewsTests.xctest */,
			);
			name = Products;
			sourceTree = "<group>";
		};
		634191B316D0D6590069B528 /* Frameworks */ = {
			isa = PBXGroup;
			children = (
				03148F3A1C47348400BAFED3 /* libz.tbd */,
				63FF913B16D108A90068ADFB /* MessageUI.framework */,
				63FF913916D1089F0068ADFB /* CoreData.framework */,
				63FF913716D108920068ADFB /* QuartzCore.framework */,
				63FF913516D108870068ADFB /* Security.framework */,
				63FF913316D1087C0068ADFB /* CFNetwork.framework */,
				634191B416D0D6590069B528 /* UIKit.framework */,
				634191B616D0D6590069B528 /* Foundation.framework */,
				634191B816D0D6590069B528 /* CoreGraphics.framework */,
			);
			name = Frameworks;
			sourceTree = "<group>";
		};
		634191BA16D0D6590069B528 /* NetworkNews */ = {
			isa = PBXGroup;
			children = (
				638F78D616D42E640085B896 /* NewsKit */,
				63E3A77016EABF4800BD3D13 /* Operations */,
				638F78D816D42F940085B896 /* Model */,
				638F78D916D430010085B896 /* UI */,
				638F78DA16D431520085B896 /* Decoders */,
				638F78DC16D433430085B896 /* Formatters */,
				634191C316D0D6590069B528 /* AppDelegate.h */,
				634191C416D0D6590069B528 /* AppDelegate.m */,
				638F78DB16D432A20085B896 /* Categories */,
				634191BB16D0D6590069B528 /* Supporting Files */,
				63C3011B1769707A00F8B6FE /* Images.xcassets */,
			);
			path = NetworkNews;
			sourceTree = "<group>";
		};
		634191BB16D0D6590069B528 /* Supporting Files */ = {
			isa = PBXGroup;
			children = (
				6341923816D0D8800069B528 /* NetworkNews.h */,
				634191BC16D0D6590069B528 /* NetworkNews-Info.plist */,
				634191BD16D0D6590069B528 /* InfoPlist.strings */,
				634191C016D0D6590069B528 /* main.m */,
				634191C216D0D6590069B528 /* NetworkNews-Prefix.pch */,
			);
			name = "Supporting Files";
			sourceTree = "<group>";
		};
		634191DE16D0D6590069B528 /* NetworkNewsTests */ = {
			isa = PBXGroup;
			children = (
				634191E416D0D6590069B528 /* NetworkNewsTests.h */,
				634191E516D0D6590069B528 /* NetworkNewsTests.m */,
				634191DF16D0D6590069B528 /* Supporting Files */,
			);
			path = NetworkNewsTests;
			sourceTree = "<group>";
		};
		634191DF16D0D6590069B528 /* Supporting Files */ = {
			isa = PBXGroup;
			children = (
				634191E016D0D6590069B528 /* NetworkNewsTests-Info.plist */,
				634191E116D0D6590069B528 /* InfoPlist.strings */,
			);
			name = "Supporting Files";
			sourceTree = "<group>";
		};
		638F78D616D42E640085B896 /* NewsKit */ = {
			isa = PBXGroup;
			children = (
				634192CB16D0DAED0069B528 /* NewsKit.h */,
				634192CC16D0DAED0069B528 /* NNArticleFormatter.h */,
				634192CD16D0DAED0069B528 /* NNArticleFormatter.m */,
				634192D216D0DAED0069B528 /* NNHeaderEntry.h */,
				634192D316D0DAED0069B528 /* NNHeaderEntry.m */,
				634192D416D0DAED0069B528 /* NNHeaderParser.h */,
				634192D516D0DAED0069B528 /* NNHeaderParser.m */,
				634192D616D0DAED0069B528 /* NNQuoteLevel.h */,
				634192D716D0DAED0069B528 /* NNQuoteLevel.m */,
				634192D816D0DAED0069B528 /* NNQuoteLevelParser.h */,
				634192D916D0DAED0069B528 /* NNQuoteLevelParser.m */,
				634192DC16D0DAED0069B528 /* NNServerDelegate.h */,
				63E3A76A16E99BD300BD3D13 /* NewsConnection.h */,
				63E3A76B16E99BD300BD3D13 /* NewsConnection.m */,
				63E3A76D16EA10C100BD3D13 /* NewsResponse.h */,
				63E3A76E16EA10C200BD3D13 /* NewsResponse.m */,
				63E3A77416EB6FF800BD3D13 /* NewsConnectionPool.h */,
				63E3A77516EB6FF800BD3D13 /* NewsConnectionPool.m */,
				6398525616D0FBEA009303E2 /* LineIterator.h */,
				6398525716D0FBEA009303E2 /* LineIterator.m */,
				63271075183F20E200CD249E /* NNNewsrc.h */,
				63271076183F20E200CD249E /* NNNewsrc.m */,
			);
			name = NewsKit;
			sourceTree = "<group>";
		};
		638F78D816D42F940085B896 /* Model */ = {
			isa = PBXGroup;
			children = (
				634192B616D0DAEC0069B528 /* ContentType.h */,
				634192B716D0DAEC0069B528 /* ContentType.m */,
				634192A716D0DAEC0069B528 /* Article.h */,
				634192A816D0DAEC0069B528 /* Article.m */,
				634192AC16D0DAEC0069B528 /* ArticlePart.h */,
				634192AD16D0DAEC0069B528 /* ArticlePart.m */,
				634192AE16D0DAEC0069B528 /* ArticlePartContent.h */,
				634192AF16D0DAEC0069B528 /* ArticlePartContent.m */,
				634192B216D0DAEC0069B528 /* Attachment.h */,
				634192B316D0DAEC0069B528 /* Attachment.m */,
				634192B816D0DAEC0069B528 /* CoreDataStore.h */,
				634192B916D0DAED0069B528 /* CoreDataStore.m */,
				634192C016D0DAED0069B528 /* GroupListing.h */,
				634192C116D0DAED0069B528 /* GroupListing.m */,
				634192C216D0DAED0069B528 /* GroupStore.h */,
				634192C316D0DAED0069B528 /* GroupStore.m */,
				633D9C3C16E1A489008DD64F /* NewsAccount.h */,
				633D9C3D16E1A489008DD64F /* NewsAccount.m */,
				63E3A77A16EE89C300BD3D13 /* News.xcdatamodeld */,
				63A6063A16F2D2080089CF4A /* ArticleRange.h */,
				631CBA691893CB2400B9421A /* ArticleRange.m */,
			);
			name = Model;
			sourceTree = "<group>";
		};
		638F78D916D430010085B896 /* UI */ = {
			isa = PBXGroup;
			children = (
				6302EF0C178D8E7800BBC68E /* ExtendedLayoutManager.h */,
				6302EF0D178D8E7800BBC68E /* ExtendedLayoutManager.m */,
				63C69194178D70EB0016776B /* Preferences.h */,
				63C69195178D70EB0016776B /* Preferences.m */,
				63C3011D176972B300F8B6FE /* Main.storyboard */,
				634192EB16D0DAEE0069B528 /* Thread.h */,
				634192EC16D0DAEE0069B528 /* Thread.m */,
				634192B416D0DAEC0069B528 /* ConnectionVerifier.h */,
				634192B516D0DAEC0069B528 /* ConnectionVerifier.m */,
				6341923916D0D8800069B528 /* AccountSettingsViewController.h */,
				6341923A16D0D8800069B528 /* AccountSettingsViewController.m */,
				6341923B16D0D8800069B528 /* NewArticleViewController.h */,
				6341923C16D0D8800069B528 /* NewArticleViewController.m */,
				6341924416D0D8800069B528 /* SearchGroupsViewController.h */,
				6341924516D0D8800069B528 /* SearchGroupsViewController.m */,
				6341924616D0D8800069B528 /* AccountsViewController.h */,
				6341924716D0D8800069B528 /* AccountsViewController.m */,
				6341924B16D0D8800069B528 /* ThreadIterator.h */,
				6341924C16D0D8800069B528 /* ThreadIterator.m */,
				6341924D16D0D8800069B528 /* ThreadListTableViewCell.h */,
				6341924E16D0D8800069B528 /* ThreadListTableViewCell.m */,
				6341924F16D0D8800069B528 /* ThreadListViewController.h */,
				6341925016D0D8800069B528 /* ThreadListViewController.m */,
				6341925116D0D8800069B528 /* ThreadSectionHeaderView.h */,
				6341925216D0D8800069B528 /* ThreadSectionHeaderView.m */,
				6341925316D0D8800069B528 /* ThreadTableViewCell.h */,
				6341925416D0D8800069B528 /* ThreadTableViewCell.m */,
				6341925516D0D8800069B528 /* ThreadViewController.h */,
				6341925616D0D8800069B528 /* ThreadViewController.m */,
				6341925A16D0D8800069B528 /* WelcomeViewController.h */,
				6341925B16D0D8800069B528 /* WelcomeViewController.m */,
				634191F316D0D87F0069B528 /* ArticleViewController.h */,
				634191F416D0D87F0069B528 /* ArticleViewController.m */,
				634191FA16D0D87F0069B528 /* EditableTableViewCell.h */,
				634191FB16D0D87F0069B528 /* EditableTableViewCell.m */,
				6341920416D0D8800069B528 /* EditableTextTableViewCell.xib */,
				6341920816D0D8800069B528 /* GroupInfoView.xib */,
				6341920C16D0D8800069B528 /* AccountSettingsView.xib */,
				6341920E16D0D8800069B528 /* NewArticleView.xib */,
				6341921E16D0D8800069B528 /* FavouriteGroupsViewController.h */,
				6341921F16D0D8800069B528 /* FavouriteGroupsViewController.m */,
				6341922016D0D8800069B528 /* FieldView.h */,
				6341922116D0D8800069B528 /* FieldView.m */,
				6341922816D0D8800069B528 /* GroupInfoViewController.h */,
				6341922916D0D8800069B528 /* GroupInfoViewController.m */,
				639F5EC517039A1B004BA972 /* ArticleView_iPad.xib */,
				63442699170E72D900483FC4 /* ThreadListView_iPad.xib */,
				03ECA37C206081C600A44D65 /* LaunchScreen.storyboard */,
			);
			name = UI;
			sourceTree = "<group>";
		};
		638F78DA16D431520085B896 /* Decoders */ = {
			isa = PBXGroup;
			children = (
				634192BE16D0DAED0069B528 /* EncodedWordDecoder.h */,
				634192BF16D0DAED0069B528 /* EncodedWordDecoder.m */,
				634192E716D0DAEE0069B528 /* QuotedPrintableDecoder.h */,
				634192E816D0DAEE0069B528 /* QuotedPrintableDecoder.m */,
				634192ED16D0DAEE0069B528 /* UUDecoder.h */,
				634192EE16D0DAEE0069B528 /* UUDecoder.m */,
				634192EF16D0DAEE0069B528 /* YEncDecoder.h */,
				634192F016D0DAEE0069B528 /* YEncDecoder.m */,
				634192CE16D0DAED0069B528 /* NNBase64Decoder.h */,
				634192CF16D0DAED0069B528 /* NNBase64Decoder.m */,
			);
			name = Decoders;
			sourceTree = "<group>";
		};
		638F78DB16D432A20085B896 /* Categories */ = {
			isa = PBXGroup;
			children = (
				63C69191178D65450016776B /* NSMutableAttributedString+NewsAdditions.h */,
				63C69192178D65450016776B /* NSMutableAttributedString+NewsAdditions.m */,
				634192DD16D0DAED0069B528 /* NSArray+NewsAdditions.h */,
				634192DE16D0DAEE0069B528 /* NSArray+NewsAdditions.m */,
				634192DF16D0DAEE0069B528 /* NSData+NewsAdditions.h */,
				634192E016D0DAEE0069B528 /* NSData+NewsAdditions.m */,
				634192E316D0DAEE0069B528 /* NSString+NewsAdditions.h */,
				634192E416D0DAEE0069B528 /* NSString+NewsAdditions.m */,
				63529AA816FEC7A60089E65E /* UIApplication+NewsAdditions.h */,
				63529AA916FEC7A60089E65E /* UIApplication+NewsAdditions.m */,
				63442696170E59E800483FC4 /* UIColor+NewsAdditions.h */,
				63442697170E59E800483FC4 /* UIColor+NewsAdditions.m */,
			);
			name = Categories;
			sourceTree = "<group>";
		};
		638F78DC16D433430085B896 /* Formatters */ = {
			isa = PBXGroup;
			children = (
				6341921A16D0D8800069B528 /* ExtendedDateFormatter.h */,
				6341921B16D0D8800069B528 /* ExtendedDateFormatter.m */,
				6341931C16D0DDE30069B528 /* SizeFormatter.h */,
				6341931D16D0DDE30069B528 /* SizeFormatter.m */,
				6341931916D0DC0B0069B528 /* EmailAddressFormatter.h */,
				6341931A16D0DC0B0069B528 /* EmailAddressFormatter.m */,
			);
			name = Formatters;
			sourceTree = "<group>";
		};
		63E3A77016EABF4800BD3D13 /* Operations */ = {
			isa = PBXGroup;
			children = (
				63E3A77116EAD01500BD3D13 /* GroupListSearchOperation.h */,
				63E3A77216EAD01500BD3D13 /* GroupListSearchOperation.m */,
				63E3A77716ECAFF900BD3D13 /* ArticleOverviewsOperation.h */,
				63E3A77816ECAFF900BD3D13 /* ArticleOverviewsOperation.m */,
				63A7205016F32B6B000AC69C /* FetchArticleOperation.h */,
				63A7205116F32B6B000AC69C /* FetchArticleOperation.m */,
				63529AA216FDB31C0089E65E /* AssemblePartsOperation.h */,
				63529AA316FDB31C0089E65E /* AssemblePartsOperation.m */,
				63529AA516FEB5320089E65E /* PostArticleOperation.h */,
				63529AA616FEB5320089E65E /* PostArticleOperation.m */,
			);
			name = Operations;
			sourceTree = "<group>";
		};
/* End PBXGroup section */

/* Begin PBXNativeTarget section */
		634191B016D0D6590069B528 /* NetworkNews */ = {
			isa = PBXNativeTarget;
			buildConfigurationList = 634191E916D0D6590069B528 /* Build configuration list for PBXNativeTarget "NetworkNews" */;
			buildPhases = (
				634191AD16D0D6590069B528 /* Sources */,
				634191AE16D0D6590069B528 /* Frameworks */,
				634191AF16D0D6590069B528 /* Resources */,
			);
			buildRules = (
			);
			dependencies = (
			);
			name = NetworkNews;
			productName = NetworkNews;
			productReference = 634191B116D0D6590069B528 /* NetworkNews.app */;
			productType = "com.apple.product-type.application";
		};
		634191D616D0D6590069B528 /* NetworkNewsTests */ = {
			isa = PBXNativeTarget;
			buildConfigurationList = 634191EC16D0D6590069B528 /* Build configuration list for PBXNativeTarget "NetworkNewsTests" */;
			buildPhases = (
				634191D216D0D6590069B528 /* Sources */,
				634191D316D0D6590069B528 /* Frameworks */,
				634191D416D0D6590069B528 /* Resources */,
				634191D516D0D6590069B528 /* ShellScript */,
			);
			buildRules = (
			);
			dependencies = (
				634191DD16D0D6590069B528 /* PBXTargetDependency */,
			);
			name = NetworkNewsTests;
			productName = NetworkNewsTests;
			productReference = 634191D716D0D6590069B528 /* NetworkNewsTests.xctest */;
			productType = "com.apple.product-type.bundle.unit-test";
		};
/* End PBXNativeTarget section */

/* Begin PBXProject section */
		634191A916D0D6590069B528 /* Project object */ = {
			isa = PBXProject;
			attributes = {
				LastTestingUpgradeCheck = 0510;
				LastUpgradeCheck = 0920;
				ORGANIZATIONNAME = "David Schweinsberg";
				TargetAttributes = {
					634191B016D0D6590069B528 = {
						DevelopmentTeam = 9MWCHY26A8;
					};
				};
			};
			buildConfigurationList = 634191AC16D0D6590069B528 /* Build configuration list for PBXProject "NetworkNews" */;
			compatibilityVersion = "Xcode 6.3";
			developmentRegion = English;
			hasScannedForEncodings = 0;
			knownRegions = (
				en,
			);
			mainGroup = 634191A816D0D6590069B528;
			productRefGroup = 634191B216D0D6590069B528 /* Products */;
			projectDirPath = "";
			projectRoot = "";
			targets = (
				634191B016D0D6590069B528 /* NetworkNews */,
				634191D616D0D6590069B528 /* NetworkNewsTests */,
			);
		};
/* End PBXProject section */

/* Begin PBXResourcesBuildPhase section */
		634191AF16D0D6590069B528 /* Resources */ = {
			isa = PBXResourcesBuildPhase;
			buildActionMask = 2147483647;
			files = (
				634191BF16D0D6590069B528 /* InfoPlist.strings in Resources */,
				63C3011C1769707A00F8B6FE /* Images.xcassets in Resources */,
				6341926516D0D8800069B528 /* changes.txt in Resources */,
				6341926B16D0D8800069B528 /* EditableTextTableViewCell.xib in Resources */,
				6341926D16D0D8800069B528 /* GroupInfoView.xib in Resources */,
				6341926F16D0D8800069B528 /* AccountSettingsView.xib in Resources */,
				6341927016D0D8800069B528 /* NewArticleView.xib in Resources */,
				634192A016D0D8800069B528 /* todo.txt in Resources */,
				639F5EC617039A1B004BA972 /* ArticleView_iPad.xib in Resources */,
				03ECA37D206081C600A44D65 /* LaunchScreen.storyboard in Resources */,
				63C3011E176972B300F8B6FE /* Main.storyboard in Resources */,
				6344269A170E72D900483FC4 /* ThreadListView_iPad.xib in Resources */,
			);
			runOnlyForDeploymentPostprocessing = 0;
		};
		634191D416D0D6590069B528 /* Resources */ = {
			isa = PBXResourcesBuildPhase;
			buildActionMask = 2147483647;
			files = (
				634191E316D0D6590069B528 /* InfoPlist.strings in Resources */,
			);
			runOnlyForDeploymentPostprocessing = 0;
		};
/* End PBXResourcesBuildPhase section */

/* Begin PBXShellScriptBuildPhase section */
		634191D516D0D6590069B528 /* ShellScript */ = {
			isa = PBXShellScriptBuildPhase;
			buildActionMask = 2147483647;
			files = (
			);
			inputPaths = (
			);
			outputPaths = (
			);
			runOnlyForDeploymentPostprocessing = 0;
			shellPath = /bin/sh;
			shellScript = "# Run the unit tests in this test bundle.\n\"${SYSTEM_DEVELOPER_DIR}/Tools/RunUnitTests\"\n";
		};
/* End PBXShellScriptBuildPhase section */

/* Begin PBXSourcesBuildPhase section */
		634191AD16D0D6590069B528 /* Sources */ = {
			isa = PBXSourcesBuildPhase;
			buildActionMask = 2147483647;
			files = (
				634191C116D0D6590069B528 /* main.m in Sources */,
				634191C516D0D6590069B528 /* AppDelegate.m in Sources */,
				6341926016D0D8800069B528 /* ArticleViewController.m in Sources */,
				6341926616D0D8800069B528 /* EditableTableViewCell.m in Sources */,
				6302EF0E178D8E7800BBC68E /* ExtendedLayoutManager.m in Sources */,
				6341927616D0D8800069B528 /* ExtendedDateFormatter.m in Sources */,
				6341927816D0D8800069B528 /* FavouriteGroupsViewController.m in Sources */,
				6341927916D0D8800069B528 /* FieldView.m in Sources */,
				631CBA6A1893CB2400B9421A /* ArticleRange.m in Sources */,
				6341928016D0D8800069B528 /* GroupInfoViewController.m in Sources */,
				6341928D16D0D8800069B528 /* AccountSettingsViewController.m in Sources */,
				6341928E16D0D8800069B528 /* NewArticleViewController.m in Sources */,
				6341929516D0D8800069B528 /* SearchGroupsViewController.m in Sources */,
				6341929616D0D8800069B528 /* AccountsViewController.m in Sources */,
				6341929A16D0D8800069B528 /* ThreadIterator.m in Sources */,
				6341929B16D0D8800069B528 /* ThreadListTableViewCell.m in Sources */,
				6341929C16D0D8800069B528 /* ThreadListViewController.m in Sources */,
				6341929D16D0D8800069B528 /* ThreadSectionHeaderView.m in Sources */,
				6341929E16D0D8800069B528 /* ThreadTableViewCell.m in Sources */,
				6341929F16D0D8800069B528 /* ThreadViewController.m in Sources */,
				634192A316D0D8800069B528 /* WelcomeViewController.m in Sources */,
				634192F116D0DAEE0069B528 /* Article.m in Sources */,
				634192F416D0DAEE0069B528 /* ArticlePart.m in Sources */,
				634192F516D0DAEE0069B528 /* ArticlePartContent.m in Sources */,
				63271077183F20E200CD249E /* NNNewsrc.m in Sources */,
				634192F716D0DAEE0069B528 /* Attachment.m in Sources */,
				634192F816D0DAEE0069B528 /* ConnectionVerifier.m in Sources */,
				634192F916D0DAEE0069B528 /* ContentType.m in Sources */,
				634192FA16D0DAEE0069B528 /* CoreDataStore.m in Sources */,
				634192FD16D0DAEE0069B528 /* EncodedWordDecoder.m in Sources */,
				634192FE16D0DAEE0069B528 /* GroupListing.m in Sources */,
				634192FF16D0DAEE0069B528 /* GroupStore.m in Sources */,
				6341930416D0DAEE0069B528 /* NNArticleFormatter.m in Sources */,
				6341930516D0DAEE0069B528 /* NNBase64Decoder.m in Sources */,
				6341930716D0DAEE0069B528 /* NNHeaderEntry.m in Sources */,
				6341930816D0DAEE0069B528 /* NNHeaderParser.m in Sources */,
				6341930916D0DAEE0069B528 /* NNQuoteLevel.m in Sources */,
				6341930A16D0DAEE0069B528 /* NNQuoteLevelParser.m in Sources */,
				6341930C16D0DAEE0069B528 /* NSArray+NewsAdditions.m in Sources */,
				6341930D16D0DAEE0069B528 /* NSData+NewsAdditions.m in Sources */,
				6341930F16D0DAEE0069B528 /* NSString+NewsAdditions.m in Sources */,
				6341931116D0DAEE0069B528 /* QuotedPrintableDecoder.m in Sources */,
				6341931316D0DAEE0069B528 /* Thread.m in Sources */,
				6341931416D0DAEE0069B528 /* UUDecoder.m in Sources */,
				6341931516D0DAEE0069B528 /* YEncDecoder.m in Sources */,
				6341931B16D0DC0B0069B528 /* EmailAddressFormatter.m in Sources */,
				6341931E16D0DDE30069B528 /* SizeFormatter.m in Sources */,
				6398525816D0FBEA009303E2 /* LineIterator.m in Sources */,
				633D9C3E16E1A489008DD64F /* NewsAccount.m in Sources */,
				63E3A76C16E99BD300BD3D13 /* NewsConnection.m in Sources */,
				63E3A76F16EA10C200BD3D13 /* NewsResponse.m in Sources */,
				63E3A77316EAD01500BD3D13 /* GroupListSearchOperation.m in Sources */,
				63E3A77616EB6FF900BD3D13 /* NewsConnectionPool.m in Sources */,
				63E3A77916ECAFF900BD3D13 /* ArticleOverviewsOperation.m in Sources */,
				63E3A77C16EE89C400BD3D13 /* News.xcdatamodeld in Sources */,
				63A7205216F32B6B000AC69C /* FetchArticleOperation.m in Sources */,
				63529AA416FDB31C0089E65E /* AssemblePartsOperation.m in Sources */,
				63C69196178D70EB0016776B /* Preferences.m in Sources */,
				63529AA716FEB5320089E65E /* PostArticleOperation.m in Sources */,
				63529AAA16FEC7A60089E65E /* UIApplication+NewsAdditions.m in Sources */,
				63442698170E59E800483FC4 /* UIColor+NewsAdditions.m in Sources */,
				63C69193178D6FDB0016776B /* NSMutableAttributedString+NewsAdditions.m in Sources */,
			);
			runOnlyForDeploymentPostprocessing = 0;
		};
		634191D216D0D6590069B528 /* Sources */ = {
			isa = PBXSourcesBuildPhase;
			buildActionMask = 2147483647;
			files = (
				634191E616D0D6590069B528 /* NetworkNewsTests.m in Sources */,
			);
			runOnlyForDeploymentPostprocessing = 0;
		};
/* End PBXSourcesBuildPhase section */

/* Begin PBXTargetDependency section */
		634191DD16D0D6590069B528 /* PBXTargetDependency */ = {
			isa = PBXTargetDependency;
			target = 634191B016D0D6590069B528 /* NetworkNews */;
			targetProxy = 634191DC16D0D6590069B528 /* PBXContainerItemProxy */;
		};
/* End PBXTargetDependency section */

/* Begin PBXVariantGroup section */
		634191BD16D0D6590069B528 /* InfoPlist.strings */ = {
			isa = PBXVariantGroup;
			children = (
				634191BE16D0D6590069B528 /* en */,
			);
			name = InfoPlist.strings;
			sourceTree = "<group>";
		};
		634191E116D0D6590069B528 /* InfoPlist.strings */ = {
			isa = PBXVariantGroup;
			children = (
				634191E216D0D6590069B528 /* en */,
			);
			name = InfoPlist.strings;
			sourceTree = "<group>";
		};
		6341920416D0D8800069B528 /* EditableTextTableViewCell.xib */ = {
			isa = PBXVariantGroup;
			children = (
				6341920516D0D8800069B528 /* en */,
			);
			name = EditableTextTableViewCell.xib;
			sourceTree = "<group>";
		};
		6341920816D0D8800069B528 /* GroupInfoView.xib */ = {
			isa = PBXVariantGroup;
			children = (
				6341920916D0D8800069B528 /* en */,
			);
			name = GroupInfoView.xib;
			sourceTree = "<group>";
		};
		6341920C16D0D8800069B528 /* AccountSettingsView.xib */ = {
			isa = PBXVariantGroup;
			children = (
				6341920D16D0D8800069B528 /* en */,
			);
			name = AccountSettingsView.xib;
			sourceTree = "<group>";
		};
		6341920E16D0D8800069B528 /* NewArticleView.xib */ = {
			isa = PBXVariantGroup;
			children = (
				6341920F16D0D8800069B528 /* en */,
			);
			name = NewArticleView.xib;
			sourceTree = "<group>";
		};
/* End PBXVariantGroup section */

/* Begin XCBuildConfiguration section */
		634191E716D0D6590069B528 /* Debug */ = {
			isa = XCBuildConfiguration;
			buildSettings = {
				ALWAYS_SEARCH_USER_PATHS = NO;
				CLANG_CXX_LANGUAGE_STANDARD = "gnu++0x";
				CLANG_CXX_LIBRARY = "libc++";
				CLANG_ENABLE_OBJC_ARC = YES;
				CLANG_WARN_BLOCK_CAPTURE_AUTORELEASING = YES;
				CLANG_WARN_BOOL_CONVERSION = YES;
				CLANG_WARN_COMMA = YES;
				CLANG_WARN_CONSTANT_CONVERSION = YES;
				CLANG_WARN_EMPTY_BODY = YES;
				CLANG_WARN_ENUM_CONVERSION = YES;
				CLANG_WARN_INFINITE_RECURSION = YES;
				CLANG_WARN_INT_CONVERSION = YES;
				CLANG_WARN_NON_LITERAL_NULL_CONVERSION = YES;
				CLANG_WARN_OBJC_LITERAL_CONVERSION = YES;
				CLANG_WARN_RANGE_LOOP_ANALYSIS = YES;
				CLANG_WARN_STRICT_PROTOTYPES = YES;
				CLANG_WARN_SUSPICIOUS_MOVE = YES;
				CLANG_WARN_UNREACHABLE_CODE = YES;
				CLANG_WARN__DUPLICATE_METHOD_MATCH = YES;
				"CODE_SIGN_IDENTITY[sdk=iphoneos*]" = "iPhone Developer";
				COPY_PHASE_STRIP = NO;
				ENABLE_STRICT_OBJC_MSGSEND = YES;
				ENABLE_TESTABILITY = YES;
				GCC_C_LANGUAGE_STANDARD = gnu99;
				GCC_DYNAMIC_NO_PIC = NO;
				GCC_NO_COMMON_BLOCKS = YES;
				GCC_OPTIMIZATION_LEVEL = 0;
				GCC_PREPROCESSOR_DEFINITIONS = (
					"DEBUG=1",
					"$(inherited)",
				);
				GCC_SYMBOLS_PRIVATE_EXTERN = NO;
				GCC_WARN_64_TO_32_BIT_CONVERSION = YES;
				GCC_WARN_ABOUT_RETURN_TYPE = YES;
				GCC_WARN_UNDECLARED_SELECTOR = YES;
				GCC_WARN_UNINITIALIZED_AUTOS = YES;
				GCC_WARN_UNUSED_FUNCTION = YES;
				GCC_WARN_UNUSED_VARIABLE = YES;
				IPHONEOS_DEPLOYMENT_TARGET = 11.0;
				ONLY_ACTIVE_ARCH = YES;
				SDKROOT = iphoneos;
				TARGETED_DEVICE_FAMILY = 1;
			};
			name = Debug;
		};
		634191E816D0D6590069B528 /* Release */ = {
			isa = XCBuildConfiguration;
			buildSettings = {
				ALWAYS_SEARCH_USER_PATHS = NO;
				CLANG_CXX_LANGUAGE_STANDARD = "gnu++0x";
				CLANG_CXX_LIBRARY = "libc++";
				CLANG_ENABLE_OBJC_ARC = YES;
				CLANG_WARN_BLOCK_CAPTURE_AUTORELEASING = YES;
				CLANG_WARN_BOOL_CONVERSION = YES;
				CLANG_WARN_COMMA = YES;
				CLANG_WARN_CONSTANT_CONVERSION = YES;
				CLANG_WARN_EMPTY_BODY = YES;
				CLANG_WARN_ENUM_CONVERSION = YES;
				CLANG_WARN_INFINITE_RECURSION = YES;
				CLANG_WARN_INT_CONVERSION = YES;
				CLANG_WARN_NON_LITERAL_NULL_CONVERSION = YES;
				CLANG_WARN_OBJC_LITERAL_CONVERSION = YES;
				CLANG_WARN_RANGE_LOOP_ANALYSIS = YES;
				CLANG_WARN_STRICT_PROTOTYPES = YES;
				CLANG_WARN_SUSPICIOUS_MOVE = YES;
				CLANG_WARN_UNREACHABLE_CODE = YES;
				CLANG_WARN__DUPLICATE_METHOD_MATCH = YES;
				"CODE_SIGN_IDENTITY[sdk=iphoneos*]" = "iPhone Developer";
				COPY_PHASE_STRIP = YES;
				ENABLE_STRICT_OBJC_MSGSEND = YES;
				GCC_C_LANGUAGE_STANDARD = gnu99;
				GCC_NO_COMMON_BLOCKS = YES;
				GCC_WARN_64_TO_32_BIT_CONVERSION = YES;
				GCC_WARN_ABOUT_RETURN_TYPE = YES;
				GCC_WARN_UNDECLARED_SELECTOR = YES;
				GCC_WARN_UNINITIALIZED_AUTOS = YES;
				GCC_WARN_UNUSED_FUNCTION = YES;
				GCC_WARN_UNUSED_VARIABLE = YES;
				IPHONEOS_DEPLOYMENT_TARGET = 11.0;
				OTHER_CFLAGS = "-DNS_BLOCK_ASSERTIONS=1";
				SDKROOT = iphoneos;
				TARGETED_DEVICE_FAMILY = 1;
				VALIDATE_PRODUCT = YES;
			};
			name = Release;
		};
		634191EA16D0D6590069B528 /* Debug */ = {
			isa = XCBuildConfiguration;
			buildSettings = {
				ASSETCATALOG_COMPILER_APPICON_NAME = AppIcon;
				CODE_SIGN_IDENTITY = "iPhone Developer";
				"CODE_SIGN_IDENTITY[sdk=iphoneos*]" = "iPhone Developer";
				GCC_PRECOMPILE_PREFIX_HEADER = YES;
				GCC_PREFIX_HEADER = "NetworkNews/NetworkNews-Prefix.pch";
				INFOPLIST_FILE = "NetworkNews/NetworkNews-Info.plist";
				IPHONEOS_DEPLOYMENT_TARGET = 11.0;
				PRODUCT_BUNDLE_IDENTIFIER = "net.synchroma.${PRODUCT_NAME:rfc1034identifier}";
				PRODUCT_NAME = "$(TARGET_NAME)";
				PROVISIONING_PROFILE = "";
				TARGETED_DEVICE_FAMILY = 1;
				WRAPPER_EXTENSION = app;
			};
			name = Debug;
		};
		634191EB16D0D6590069B528 /* Release */ = {
			isa = XCBuildConfiguration;
			buildSettings = {
				ASSETCATALOG_COMPILER_APPICON_NAME = AppIcon;
				CODE_SIGN_IDENTITY = "iPhone Developer";
				"CODE_SIGN_IDENTITY[sdk=iphoneos*]" = "iPhone Developer";
				GCC_PRECOMPILE_PREFIX_HEADER = YES;
				GCC_PREFIX_HEADER = "NetworkNews/NetworkNews-Prefix.pch";
				INFOPLIST_FILE = "NetworkNews/NetworkNews-Info.plist";
				IPHONEOS_DEPLOYMENT_TARGET = 11.0;
				PRODUCT_BUNDLE_IDENTIFIER = "net.synchroma.${PRODUCT_NAME:rfc1034identifier}";
				PRODUCT_NAME = "$(TARGET_NAME)";
				PROVISIONING_PROFILE = "";
				TARGETED_DEVICE_FAMILY = 1;
				WRAPPER_EXTENSION = app;
			};
			name = Release;
		};
		634191ED16D0D6590069B528 /* Debug */ = {
			isa = XCBuildConfiguration;
			buildSettings = {
				BUNDLE_LOADER = "$(BUILT_PRODUCTS_DIR)/NetworkNews.app/NetworkNews";
				FRAMEWORK_SEARCH_PATHS = (
					"\"$(SDKROOT)/Developer/Library/Frameworks\"",
					"\"$(DEVELOPER_LIBRARY_DIR)/Frameworks\"",
					"$(inherited)",
				);
				GCC_PRECOMPILE_PREFIX_HEADER = YES;
				GCC_PREFIX_HEADER = "NetworkNews/NetworkNews-Prefix.pch";
				INFOPLIST_FILE = "NetworkNewsTests/NetworkNewsTests-Info.plist";
				PRODUCT_BUNDLE_IDENTIFIER = "net.synchroma.${PRODUCT_NAME:rfc1034identifier}";
				PRODUCT_NAME = "$(TARGET_NAME)";
				TEST_HOST = "$(BUNDLE_LOADER)";
			};
			name = Debug;
		};
		634191EE16D0D6590069B528 /* Release */ = {
			isa = XCBuildConfiguration;
			buildSettings = {
				BUNDLE_LOADER = "$(BUILT_PRODUCTS_DIR)/NetworkNews.app/NetworkNews";
				FRAMEWORK_SEARCH_PATHS = (
					"\"$(SDKROOT)/Developer/Library/Frameworks\"",
					"\"$(DEVELOPER_LIBRARY_DIR)/Frameworks\"",
					"$(inherited)",
				);
				GCC_PRECOMPILE_PREFIX_HEADER = YES;
				GCC_PREFIX_HEADER = "NetworkNews/NetworkNews-Prefix.pch";
				INFOPLIST_FILE = "NetworkNewsTests/NetworkNewsTests-Info.plist";
				PRODUCT_BUNDLE_IDENTIFIER = "net.synchroma.${PRODUCT_NAME:rfc1034identifier}";
				PRODUCT_NAME = "$(TARGET_NAME)";
				TEST_HOST = "$(BUNDLE_LOADER)";
			};
			name = Release;
		};
/* End XCBuildConfiguration section */

/* Begin XCConfigurationList section */
		634191AC16D0D6590069B528 /* Build configuration list for PBXProject "NetworkNews" */ = {
			isa = XCConfigurationList;
			buildConfigurations = (
				634191E716D0D6590069B528 /* Debug */,
				634191E816D0D6590069B528 /* Release */,
			);
			defaultConfigurationIsVisible = 0;
			defaultConfigurationName = Release;
		};
		634191E916D0D6590069B528 /* Build configuration list for PBXNativeTarget "NetworkNews" */ = {
			isa = XCConfigurationList;
			buildConfigurations = (
				634191EA16D0D6590069B528 /* Debug */,
				634191EB16D0D6590069B528 /* Release */,
			);
			defaultConfigurationIsVisible = 0;
			defaultConfigurationName = Release;
		};
		634191EC16D0D6590069B528 /* Build configuration list for PBXNativeTarget "NetworkNewsTests" */ = {
			isa = XCConfigurationList;
			buildConfigurations = (
				634191ED16D0D6590069B528 /* Debug */,
				634191EE16D0D6590069B528 /* Release */,
			);
			defaultConfigurationIsVisible = 0;
			defaultConfigurationName = Release;
		};
/* End XCConfigurationList section */

/* Begin XCVersionGroup section */
		63E3A77A16EE89C300BD3D13 /* News.xcdatamodeld */ = {
			isa = XCVersionGroup;
			children = (
				63E3A77B16EE89C400BD3D13 /* News.xcdatamodel */,
			);
			currentVersion = 63E3A77B16EE89C400BD3D13 /* News.xcdatamodel */;
			path = News.xcdatamodeld;
			sourceTree = "<group>";
			versionGroupType = wrapper.xcdatamodel;
		};
/* End XCVersionGroup section */
	};
	rootObject = 634191A916D0D6590069B528 /* Project object */;
}
